// !$*UTF8*$!
{
	archiveVersion = 1;
	classes = {
	};
	objectVersion = 46;
	objects = {

/* Begin PBXBuildFile section */
		627528821E39F9D1001678B5 /* AppDelegate.swift in Sources */ = {isa = PBXBuildFile; fileRef = 627528811E39F9D1001678B5 /* AppDelegate.swift */; };
		627528841E39F9D1001678B5 /* ViewController.swift in Sources */ = {isa = PBXBuildFile; fileRef = 627528831E39F9D1001678B5 /* ViewController.swift */; };
		627528871E39F9D1001678B5 /* Main.storyboard in Resources */ = {isa = PBXBuildFile; fileRef = 627528851E39F9D1001678B5 /* Main.storyboard */; };
		627528891E39F9D1001678B5 /* Assets.xcassets in Resources */ = {isa = PBXBuildFile; fileRef = 627528881E39F9D1001678B5 /* Assets.xcassets */; };
		6275288C1E39F9D1001678B5 /* LaunchScreen.storyboard in Resources */ = {isa = PBXBuildFile; fileRef = 6275288A1E39F9D1001678B5 /* LaunchScreen.storyboard */; };
		627528941E3A01F6001678B5 /* ItemTableViewCell.swift in Sources */ = {isa = PBXBuildFile; fileRef = 627528931E3A01F6001678B5 /* ItemTableViewCell.swift */; };
		DFA12C8CC6EF973604DBE97B /* Pods_TestingNMessenger.framework in Frameworks */ = {isa = PBXBuildFile; fileRef = 5222D8230AA04CD34555A469 /* Pods_TestingNMessenger.framework */; };
/* End PBXBuildFile section */

/* Begin PBXFileReference section */
		1D0D0D149A962BAE1B61356D /* Pods-TestingNMessenger.debug.xcconfig */ = {isa = PBXFileReference; includeInIndex = 1; lastKnownFileType = text.xcconfig; name = "Pods-TestingNMessenger.debug.xcconfig"; path = "Pods/Target Support Files/Pods-TestingNMessenger/Pods-TestingNMessenger.debug.xcconfig"; sourceTree = "<group>"; };
		5222D8230AA04CD34555A469 /* Pods_TestingNMessenger.framework */ = {isa = PBXFileReference; explicitFileType = wrapper.framework; includeInIndex = 0; path = Pods_TestingNMessenger.framework; sourceTree = BUILT_PRODUCTS_DIR; };
		6275287E1E39F9D1001678B5 /* TestingNMessenger.app */ = {isa = PBXFileReference; explicitFileType = wrapper.application; includeInIndex = 0; path = TestingNMessenger.app; sourceTree = BUILT_PRODUCTS_DIR; };
		627528811E39F9D1001678B5 /* AppDelegate.swift */ = {isa = PBXFileReference; lastKnownFileType = sourcecode.swift; path = AppDelegate.swift; sourceTree = "<group>"; };
		627528831E39F9D1001678B5 /* ViewController.swift */ = {isa = PBXFileReference; lastKnownFileType = sourcecode.swift; path = ViewController.swift; sourceTree = "<group>"; };
		627528861E39F9D1001678B5 /* Base */ = {isa = PBXFileReference; lastKnownFileType = file.storyboard; name = Base; path = Base.lproj/Main.storyboard; sourceTree = "<group>"; };
		627528881E39F9D1001678B5 /* Assets.xcassets */ = {isa = PBXFileReference; lastKnownFileType = folder.assetcatalog; path = Assets.xcassets; sourceTree = "<group>"; };
		6275288B1E39F9D1001678B5 /* Base */ = {isa = PBXFileReference; lastKnownFileType = file.storyboard; name = Base; path = Base.lproj/LaunchScreen.storyboard; sourceTree = "<group>"; };
		6275288D1E39F9D1001678B5 /* Info.plist */ = {isa = PBXFileReference; lastKnownFileType = text.plist.xml; path = Info.plist; sourceTree = "<group>"; };
		627528931E3A01F6001678B5 /* ItemTableViewCell.swift */ = {isa = PBXFileReference; fileEncoding = 4; lastKnownFileType = sourcecode.swift; path = ItemTableViewCell.swift; sourceTree = "<group>"; };
		9801ED2B72967769F2F4A86E /* Pods-TestingNMessenger.release.xcconfig */ = {isa = PBXFileReference; includeInIndex = 1; lastKnownFileType = text.xcconfig; name = "Pods-TestingNMessenger.release.xcconfig"; path = "Pods/Target Support Files/Pods-TestingNMessenger/Pods-TestingNMessenger.release.xcconfig"; sourceTree = "<group>"; };
/* End PBXFileReference section */

/* Begin PBXFrameworksBuildPhase section */
		6275287B1E39F9D1001678B5 /* Frameworks */ = {
			isa = PBXFrameworksBuildPhase;
			buildActionMask = 2147483647;
			files = (
				DFA12C8CC6EF973604DBE97B /* Pods_TestingNMessenger.framework in Frameworks */,
			);
			runOnlyForDeploymentPostprocessing = 0;
		};
/* End PBXFrameworksBuildPhase section */

/* Begin PBXGroup section */
		463C4B7D03B213B4573CE0EB /* Frameworks */ = {
			isa = PBXGroup;
			children = (
				5222D8230AA04CD34555A469 /* Pods_TestingNMessenger.framework */,
			);
			name = Frameworks;
			sourceTree = "<group>";
		};
		627528751E39F9D1001678B5 = {
			isa = PBXGroup;
			children = (
				627528801E39F9D1001678B5 /* TestingNMessenger */,
				6275287F1E39F9D1001678B5 /* Products */,
				B829FBCC55FA5D31FF085838 /* Pods */,
				463C4B7D03B213B4573CE0EB /* Frameworks */,
			);
			sourceTree = "<group>";
		};
		6275287F1E39F9D1001678B5 /* Products */ = {
			isa = PBXGroup;
			children = (
				6275287E1E39F9D1001678B5 /* TestingNMessenger.app */,
			);
			name = Products;
			sourceTree = "<group>";
		};
		627528801E39F9D1001678B5 /* TestingNMessenger */ = {
			isa = PBXGroup;
			children = (
				627528811E39F9D1001678B5 /* AppDelegate.swift */,
				627528831E39F9D1001678B5 /* ViewController.swift */,
				627528931E3A01F6001678B5 /* ItemTableViewCell.swift */,
				627528851E39F9D1001678B5 /* Main.storyboard */,
				627528881E39F9D1001678B5 /* Assets.xcassets */,
				6275288A1E39F9D1001678B5 /* LaunchScreen.storyboard */,
				6275288D1E39F9D1001678B5 /* Info.plist */,
			);
			path = TestingNMessenger;
			sourceTree = "<group>";
		};
		B829FBCC55FA5D31FF085838 /* Pods */ = {
			isa = PBXGroup;
			children = (
				1D0D0D149A962BAE1B61356D /* Pods-TestingNMessenger.debug.xcconfig */,
				9801ED2B72967769F2F4A86E /* Pods-TestingNMessenger.release.xcconfig */,
			);
			name = Pods;
			sourceTree = "<group>";
		};
/* End PBXGroup section */

/* Begin PBXNativeTarget section */
		6275287D1E39F9D1001678B5 /* TestingNMessenger */ = {
			isa = PBXNativeTarget;
			buildConfigurationList = 627528901E39F9D1001678B5 /* Build configuration list for PBXNativeTarget "TestingNMessenger" */;
			buildPhases = (
				B1E0BD4229C879B375CB880C /* [CP] Check Pods Manifest.lock */,
				6275287A1E39F9D1001678B5 /* Sources */,
				6275287B1E39F9D1001678B5 /* Frameworks */,
				6275287C1E39F9D1001678B5 /* Resources */,
				0430A11EA0D1C5005159D629 /* [CP] Embed Pods Frameworks */,
				AC5885319E44882587822A49 /* [CP] Copy Pods Resources */,
			);
			buildRules = (
			);
			dependencies = (
			);
			name = TestingNMessenger;
			productName = TestingNMessenger;
			productReference = 6275287E1E39F9D1001678B5 /* TestingNMessenger.app */;
			productType = "com.apple.product-type.application";
		};
/* End PBXNativeTarget section */

/* Begin PBXProject section */
		627528761E39F9D1001678B5 /* Project object */ = {
			isa = PBXProject;
			attributes = {
				LastSwiftUpdateCheck = 0820;
				LastUpgradeCheck = 0820;
				ORGANIZATIONNAME = "Sahbi H. Belgacem";
				TargetAttributes = {
					6275287D1E39F9D1001678B5 = {
						CreatedOnToolsVersion = 8.2.1;
						DevelopmentTeam = 2YBPV4RV4R;
						ProvisioningStyle = Automatic;
					};
				};
			};
			buildConfigurationList = 627528791E39F9D1001678B5 /* Build configuration list for PBXProject "TestingNMessenger" */;
			compatibilityVersion = "Xcode 3.2";
			developmentRegion = English;
			hasScannedForEncodings = 0;
			knownRegions = (
				en,
				Base,
			);
			mainGroup = 627528751E39F9D1001678B5;
			productRefGroup = 6275287F1E39F9D1001678B5 /* Products */;
			projectDirPath = "";
			projectRoot = "";
			targets = (
				6275287D1E39F9D1001678B5 /* TestingNMessenger */,
			);
		};
/* End PBXProject section */

/* Begin PBXResourcesBuildPhase section */
		6275287C1E39F9D1001678B5 /* Resources */ = {
			isa = PBXResourcesBuildPhase;
			buildActionMask = 2147483647;
			files = (
				6275288C1E39F9D1001678B5 /* LaunchScreen.storyboard in Resources */,
				627528891E39F9D1001678B5 /* Assets.xcassets in Resources */,
				627528871E39F9D1001678B5 /* Main.storyboard in Resources */,
			);
			runOnlyForDeploymentPostprocessing = 0;
		};
/* End PBXResourcesBuildPhase section */

/* Begin PBXShellScriptBuildPhase section */
		0430A11EA0D1C5005159D629 /* [CP] Embed Pods Frameworks */ = {
			isa = PBXShellScriptBuildPhase;
			buildActionMask = 2147483647;
			files = (
			);
			inputPaths = (
			);
			name = "[CP] Embed Pods Frameworks";
			outputPaths = (
			);
			runOnlyForDeploymentPostprocessing = 0;
			shellPath = /bin/sh;
			shellScript = "\"${SRCROOT}/Pods/Target Support Files/Pods-TestingNMessenger/Pods-TestingNMessenger-frameworks.sh\"\n";
			showEnvVarsInLog = 0;
		};
		AC5885319E44882587822A49 /* [CP] Copy Pods Resources */ = {
			isa = PBXShellScriptBuildPhase;
			buildActionMask = 2147483647;
			files = (
			);
			inputPaths = (
			);
			name = "[CP] Copy Pods Resources";
			outputPaths = (
			);
			runOnlyForDeploymentPostprocessing = 0;
			shellPath = /bin/sh;
			shellScript = "\"${SRCROOT}/Pods/Target Support Files/Pods-TestingNMessenger/Pods-TestingNMessenger-resources.sh\"\n";
			showEnvVarsInLog = 0;
		};
		B1E0BD4229C879B375CB880C /* [CP] Check Pods Manifest.lock */ = {
			isa = PBXShellScriptBuildPhase;
			buildActionMask = 2147483647;
			files = (
			);
			inputPaths = (
			);
			name = "[CP] Check Pods Manifest.lock";
			outputPaths = (
			);
			runOnlyForDeploymentPostprocessing = 0;
			shellPath = /bin/sh;
			shellScript = "diff \"${PODS_ROOT}/../Podfile.lock\" \"${PODS_ROOT}/Manifest.lock\" > /dev/null\nif [ $? != 0 ] ; then\n    # print error to STDERR\n    echo \"error: The sandbox is not in sync with the Podfile.lock. Run 'pod install' or update your CocoaPods installation.\" >&2\n    exit 1\nfi\n";
			showEnvVarsInLog = 0;
		};
/* End PBXShellScriptBuildPhase section */

/* Begin PBXSourcesBuildPhase section */
		6275287A1E39F9D1001678B5 /* Sources */ = {
			isa = PBXSourcesBuildPhase;
			buildActionMask = 2147483647;
			files = (
				627528841E39F9D1001678B5 /* ViewController.swift in Sources */,
				627528941E3A01F6001678B5 /* ItemTableViewCell.swift in Sources */,
				627528821E39F9D1001678B5 /* AppDelegate.swift in Sources */,
			);
			runOnlyForDeploymentPostprocessing = 0;
		};
/* End PBXSourcesBuildPhase section */

/* Begin PBXVariantGroup section */
		627528851E39F9D1001678B5 /* Main.storyboard */ = {
			isa = PBXVariantGroup;
			children = (
				627528861E39F9D1001678B5 /* Base */,
			);
			name = Main.storyboard;
			sourceTree = "<group>";
		};
		6275288A1E39F9D1001678B5 /* LaunchScreen.storyboard */ = {
			isa = PBXVariantGroup;
			children = (
				6275288B1E39F9D1001678B5 /* Base */,
			);
			name = LaunchScreen.storyboard;
			sourceTree = "<group>";
		};
/* End PBXVariantGroup section */

/* Begin XCBuildConfiguration section */
		6275288E1E39F9D1001678B5 /* Debug */ = {
			isa = XCBuildConfiguration;
			buildSettings = {
				ALWAYS_SEARCH_USER_PATHS = NO;
				CLANG_ANALYZER_NONNULL = YES;
				CLANG_CXX_LANGUAGE_STANDARD = "gnu++0x";
				CLANG_CXX_LIBRARY = "libc++";
				CLANG_ENABLE_MODULES = YES;
				CLANG_ENABLE_OBJC_ARC = YES;
				CLANG_WARN_BOOL_CONVERSION = YES;
				CLANG_WARN_CONSTANT_CONVERSION = YES;
				CLANG_WARN_DIRECT_OBJC_ISA_USAGE = YES_ERROR;
				CLANG_WARN_DOCUMENTATION_COMMENTS = YES;
				CLANG_WARN_EMPTY_BODY = YES;
				CLANG_WARN_ENUM_CONVERSION = YES;
				CLANG_WARN_INFINITE_RECURSION = YES;
				CLANG_WARN_INT_CONVERSION = YES;
				CLANG_WARN_OBJC_ROOT_CLASS = YES_ERROR;
				CLANG_WARN_SUSPICIOUS_MOVE = YES;
				CLANG_WARN_UNREACHABLE_CODE = YES;
				CLANG_WARN__DUPLICATE_METHOD_MATCH = YES;
				"CODE_SIGN_IDENTITY[sdk=iphoneos*]" = "iPhone Developer";
				COPY_PHASE_STRIP = NO;
				DEBUG_INFORMATION_FORMAT = dwarf;
				ENABLE_STRICT_OBJC_MSGSEND = YES;
				ENABLE_TESTABILITY = YES;
				GCC_C_LANGUAGE_STANDARD = gnu99;
				GCC_DYNAMIC_NO_PIC = NO;
				GCC_NO_COMMON_BLOCKS = YES;
				GCC_OPTIMIZATION_LEVEL = 0;
				GCC_PREPROCESSOR_DEFINITIONS = (
					"DEBUG=1",
					"$(inherited)",
				);
				GCC_WARN_64_TO_32_BIT_CONVERSION = YES;
				GCC_WARN_ABOUT_RETURN_TYPE = YES_ERROR;
				GCC_WARN_UNDECLARED_SELECTOR = YES;
				GCC_WARN_UNINITIALIZED_AUTOS = YES_AGGRESSIVE;
				GCC_WARN_UNUSED_FUNCTION = YES;
				GCC_WARN_UNUSED_VARIABLE = YES;
				IPHONEOS_DEPLOYMENT_TARGET = 10.2;
				MTL_ENABLE_DEBUG_INFO = YES;
				ONLY_ACTIVE_ARCH = YES;
				SDKROOT = iphoneos;
				SWIFT_ACTIVE_COMPILATION_CONDITIONS = DEBUG;
				SWIFT_OPTIMIZATION_LEVEL = "-Onone";
			};
			name = Debug;
		};
		6275288F1E39F9D1001678B5 /* Release */ = {
			isa = XCBuildConfiguration;
			buildSettings = {
				ALWAYS_SEARCH_USER_PATHS = NO;
				CLANG_ANALYZER_NONNULL = YES;
				CLANG_CXX_LANGUAGE_STANDARD = "gnu++0x";
				CLANG_CXX_LIBRARY = "libc++";
				CLANG_ENABLE_MODULES = YES;
				CLANG_ENABLE_OBJC_ARC = YES;
				CLANG_WARN_BOOL_CONVERSION = YES;
				CLANG_WARN_CONSTANT_CONVERSION = YES;
				CLANG_WARN_DIRECT_OBJC_ISA_USAGE = YES_ERROR;
				CLANG_WARN_DOCUMENTATION_COMMENTS = YES;
				CLANG_WARN_EMPTY_BODY = YES;
				CLANG_WARN_ENUM_CONVERSION = YES;
				CLANG_WARN_INFINITE_RECURSION = YES;
				CLANG_WARN_INT_CONVERSION = YES;
				CLANG_WARN_OBJC_ROOT_CLASS = YES_ERROR;
				CLANG_WARN_SUSPICIOUS_MOVE = YES;
				CLANG_WARN_UNREACHABLE_CODE = YES;
				CLANG_WARN__DUPLICATE_METHOD_MATCH = YES;
				"CODE_SIGN_IDENTITY[sdk=iphoneos*]" = "iPhone Developer";
				COPY_PHASE_STRIP = NO;
				DEBUG_INFORMATION_FORMAT = "dwarf-with-dsym";
				ENABLE_NS_ASSERTIONS = NO;
				ENABLE_STRICT_OBJC_MSGSEND = YES;
				GCC_C_LANGUAGE_STANDARD = gnu99;
				GCC_NO_COMMON_BLOCKS = YES;
				GCC_WARN_64_TO_32_BIT_CONVERSION = YES;
				GCC_WARN_ABOUT_RETURN_TYPE = YES_ERROR;
				GCC_WARN_UNDECLARED_SELECTOR = YES;
				GCC_WARN_UNINITIALIZED_AUTOS = YES_AGGRESSIVE;
				GCC_WARN_UNUSED_FUNCTION = YES;
				GCC_WARN_UNUSED_VARIABLE = YES;
				IPHONEOS_DEPLOYMENT_TARGET = 10.2;
				MTL_ENABLE_DEBUG_INFO = NO;
				SDKROOT = iphoneos;
				SWIFT_OPTIMIZATION_LEVEL = "-Owholemodule";
				VALIDATE_PRODUCT = YES;
			};
			name = Release;
		};
		627528911E39F9D1001678B5 /* Debug */ = {
			isa = XCBuildConfiguration;
			baseConfigurationReference = 1D0D0D149A962BAE1B61356D /* Pods-TestingNMessenger.debug.xcconfig */;
			buildSettings = {
				ASSETCATALOG_COMPILER_APPICON_NAME = AppIcon;
				DEVELOPMENT_TEAM = 2YBPV4RV4R;
				INFOPLIST_FILE = TestingNMessenger/Info.plist;
				LD_RUNPATH_SEARCH_PATHS = "$(inherited) @executable_path/Frameworks";
				PRODUCT_BUNDLE_IDENTIFIER = me.sahbi.TestingNMessenger;
				PRODUCT_NAME = "$(TARGET_NAME)";
				SWIFT_VERSION = 3.0;
			};
			name = Debug;
		};
		627528921E39F9D1001678B5 /* Release */ = {
			isa = XCBuildConfiguration;
			baseConfigurationReference = 9801ED2B72967769F2F4A86E /* Pods-TestingNMessenger.release.xcconfig */;
			buildSettings = {
				ASSETCATALOG_COMPILER_APPICON_NAME = AppIcon;
				DEVELOPMENT_TEAM = 2YBPV4RV4R;
				INFOPLIST_FILE = TestingNMessenger/Info.plist;
				LD_RUNPATH_SEARCH_PATHS = "$(inherited) @executable_path/Frameworks";
				PRODUCT_BUNDLE_IDENTIFIER = me.sahbi.TestingNMessenger;
				PRODUCT_NAME = "$(TARGET_NAME)";
				SWIFT_VERSION = 3.0;
			};
			name = Release;
		};
/* End XCBuildConfiguration section */

/* Begin XCConfigurationList section */
		627528791E39F9D1001678B5 /* Build configuration list for PBXProject "TestingNMessenger" */ = {
			isa = XCConfigurationList;
			buildConfigurations = (
				6275288E1E39F9D1001678B5 /* Debug */,
				6275288F1E39F9D1001678B5 /* Release */,
			);
			defaultConfigurationIsVisible = 0;
			defaultConfigurationName = Release;
		};
		627528901E39F9D1001678B5 /* Build configuration list for PBXNativeTarget "TestingNMessenger" */ = {
			isa = XCConfigurationList;
			buildConfigurations = (
				627528911E39F9D1001678B5 /* Debug */,
				627528921E39F9D1001678B5 /* Release */,
			);
			defaultConfigurationIsVisible = 0;
			defaultConfigurationName = Release;
		};
/* End XCConfigurationList section */
	};
	rootObject = 627528761E39F9D1001678B5 /* Project object */;
}
